// !$*UTF8*$!
{
	archiveVersion = 1;
	classes = {
	};
	objectVersion = 50;
	objects = {

/* Begin PBXBuildFile section */
		2C184E47223D368D00094E88 /* AppDelegate.swift in Sources */ = {isa = PBXBuildFile; fileRef = 2C184E46223D368D00094E88 /* AppDelegate.swift */; };
		2C184E49223D368D00094E88 /* ViewController.swift in Sources */ = {isa = PBXBuildFile; fileRef = 2C184E48223D368D00094E88 /* ViewController.swift */; };
		2C184E4C223D368D00094E88 /* Main.storyboard in Resources */ = {isa = PBXBuildFile; fileRef = 2C184E4A223D368D00094E88 /* Main.storyboard */; };
		2C184E4E223D369000094E88 /* Assets.xcassets in Resources */ = {isa = PBXBuildFile; fileRef = 2C184E4D223D369000094E88 /* Assets.xcassets */; };
		2C184E51223D369000094E88 /* LaunchScreen.storyboard in Resources */ = {isa = PBXBuildFile; fileRef = 2C184E4F223D369000094E88 /* LaunchScreen.storyboard */; };
		2C184E5C223D369000094E88 /* onTheMapTests.swift in Sources */ = {isa = PBXBuildFile; fileRef = 2C184E5B223D369000094E88 /* onTheMapTests.swift */; };
		2C184E67223D369000094E88 /* onTheMapUITests.swift in Sources */ = {isa = PBXBuildFile; fileRef = 2C184E66223D369000094E88 /* onTheMapUITests.swift */; };
		2C184E77223D3ABA00094E88 /* logo-u@3x.png in Resources */ = {isa = PBXBuildFile; fileRef = 2C184E76223D3ABA00094E88 /* logo-u@3x.png */; };
		2C18FC9F2251A3D500C4A9BA /* TableViewCell.swift in Sources */ = {isa = PBXBuildFile; fileRef = 2C18FC9E2251A3D500C4A9BA /* TableViewCell.swift */; };
		2C18FCA12251A7E700C4A9BA /* StudentTableViewController.swift in Sources */ = {isa = PBXBuildFile; fileRef = 2C18FCA02251A7E700C4A9BA /* StudentTableViewController.swift */; };
		2C18FCAB2251AE2A00C4A9BA /* icon_mapview-selected.png in Resources */ = {isa = PBXBuildFile; fileRef = 2C18FCA82251AE2A00C4A9BA /* icon_mapview-selected.png */; };
		2C18FCAC2251AE2A00C4A9BA /* icon_pin@3x.png in Resources */ = {isa = PBXBuildFile; fileRef = 2C18FCA92251AE2A00C4A9BA /* icon_pin@3x.png */; };
		2C18FCAD2251AE2A00C4A9BA /* icon_listview-selected.png in Resources */ = {isa = PBXBuildFile; fileRef = 2C18FCAA2251AE2A00C4A9BA /* icon_listview-selected.png */; };
		2C1C76B5224E80560011FF04 /* MapViewController.swift in Sources */ = {isa = PBXBuildFile; fileRef = 2C1C76B4224E80560011FF04 /* MapViewController.swift */; };
		2C1C76B7224E8E890011FF04 /* UdacityAPI.swift in Sources */ = {isa = PBXBuildFile; fileRef = 2C1C76B6224E8E890011FF04 /* UdacityAPI.swift */; };
		2C666FFE2245933400CE2C08 /* StudentInformation.swift in Sources */ = {isa = PBXBuildFile; fileRef = 2C666FFD2245933400CE2C08 /* StudentInformation.swift */; };
		2C667000224593F500CE2C08 /* StudentInformations.swift in Sources */ = {isa = PBXBuildFile; fileRef = 2C666FFF224593F500CE2C08 /* StudentInformations.swift */; };
		2CB3C9EC2256BE770089D258 /* icon_addpin@2x.png in Resources */ = {isa = PBXBuildFile; fileRef = 2CB3C9EA2256BE760089D258 /* icon_addpin@2x.png */; };
		2CB3C9ED2256BE770089D258 /* icon_refresh@2x.png in Resources */ = {isa = PBXBuildFile; fileRef = 2CB3C9EB2256BE770089D258 /* icon_refresh@2x.png */; };
		2CB3C9F12257031C0089D258 /* icon_world@2x.png in Resources */ = {isa = PBXBuildFile; fileRef = 2CB3C9F02257031C0089D258 /* icon_world@2x.png */; };
		2CB3C9F3225706FC0089D258 /* AddStudentViewController.swift in Sources */ = {isa = PBXBuildFile; fileRef = 2CB3C9F2225706FC0089D258 /* AddStudentViewController.swift */; };
		2CC13E192257EBE500FC8674 /* FindLocationViewController.swift in Sources */ = {isa = PBXBuildFile; fileRef = 2CC13E182257EBE500FC8674 /* FindLocationViewController.swift */; };
/* End PBXBuildFile section */

/* Begin PBXContainerItemProxy section */
		2C184E58223D369000094E88 /* PBXContainerItemProxy */ = {
			isa = PBXContainerItemProxy;
			containerPortal = 2C184E3B223D368D00094E88 /* Project object */;
			proxyType = 1;
			remoteGlobalIDString = 2C184E42223D368D00094E88;
			remoteInfo = onTheMap;
		};
		2C184E63223D369000094E88 /* PBXContainerItemProxy */ = {
			isa = PBXContainerItemProxy;
			containerPortal = 2C184E3B223D368D00094E88 /* Project object */;
			proxyType = 1;
			remoteGlobalIDString = 2C184E42223D368D00094E88;
			remoteInfo = onTheMap;
		};
/* End PBXContainerItemProxy section */

/* Begin PBXFileReference section */
		2C184E43223D368D00094E88 /* onTheMap.app */ = {isa = PBXFileReference; explicitFileType = wrapper.application; includeInIndex = 0; path = onTheMap.app; sourceTree = BUILT_PRODUCTS_DIR; };
		2C184E46223D368D00094E88 /* AppDelegate.swift */ = {isa = PBXFileReference; lastKnownFileType = sourcecode.swift; path = AppDelegate.swift; sourceTree = "<group>"; };
		2C184E48223D368D00094E88 /* ViewController.swift */ = {isa = PBXFileReference; lastKnownFileType = sourcecode.swift; path = ViewController.swift; sourceTree = "<group>"; };
		2C184E4B223D368D00094E88 /* Base */ = {isa = PBXFileReference; lastKnownFileType = file.storyboard; name = Base; path = Base.lproj/Main.storyboard; sourceTree = "<group>"; };
		2C184E4D223D369000094E88 /* Assets.xcassets */ = {isa = PBXFileReference; lastKnownFileType = folder.assetcatalog; path = Assets.xcassets; sourceTree = "<group>"; };
		2C184E50223D369000094E88 /* Base */ = {isa = PBXFileReference; lastKnownFileType = file.storyboard; name = Base; path = Base.lproj/LaunchScreen.storyboard; sourceTree = "<group>"; };
		2C184E52223D369000094E88 /* Info.plist */ = {isa = PBXFileReference; lastKnownFileType = text.plist.xml; path = Info.plist; sourceTree = "<group>"; };
		2C184E57223D369000094E88 /* onTheMapTests.xctest */ = {isa = PBXFileReference; explicitFileType = wrapper.cfbundle; includeInIndex = 0; path = onTheMapTests.xctest; sourceTree = BUILT_PRODUCTS_DIR; };
		2C184E5B223D369000094E88 /* onTheMapTests.swift */ = {isa = PBXFileReference; lastKnownFileType = sourcecode.swift; path = onTheMapTests.swift; sourceTree = "<group>"; };
		2C184E5D223D369000094E88 /* Info.plist */ = {isa = PBXFileReference; lastKnownFileType = text.plist.xml; path = Info.plist; sourceTree = "<group>"; };
		2C184E62223D369000094E88 /* onTheMapUITests.xctest */ = {isa = PBXFileReference; explicitFileType = wrapper.cfbundle; includeInIndex = 0; path = onTheMapUITests.xctest; sourceTree = BUILT_PRODUCTS_DIR; };
		2C184E66223D369000094E88 /* onTheMapUITests.swift */ = {isa = PBXFileReference; lastKnownFileType = sourcecode.swift; path = onTheMapUITests.swift; sourceTree = "<group>"; };
		2C184E68223D369000094E88 /* Info.plist */ = {isa = PBXFileReference; lastKnownFileType = text.plist.xml; path = Info.plist; sourceTree = "<group>"; };
		2C184E76223D3ABA00094E88 /* logo-u@3x.png */ = {isa = PBXFileReference; lastKnownFileType = image.png; path = "logo-u@3x.png"; sourceTree = "<group>"; };
		2C18FC9E2251A3D500C4A9BA /* TableViewCell.swift */ = {isa = PBXFileReference; lastKnownFileType = sourcecode.swift; path = TableViewCell.swift; sourceTree = "<group>"; };
		2C18FCA02251A7E700C4A9BA /* StudentTableViewController.swift */ = {isa = PBXFileReference; lastKnownFileType = sourcecode.swift; path = StudentTableViewController.swift; sourceTree = "<group>"; };
		2C18FCA82251AE2A00C4A9BA /* icon_mapview-selected.png */ = {isa = PBXFileReference; lastKnownFileType = image.png; path = "icon_mapview-selected.png"; sourceTree = "<group>"; };
		2C18FCA92251AE2A00C4A9BA /* icon_pin@3x.png */ = {isa = PBXFileReference; lastKnownFileType = image.png; path = "icon_pin@3x.png"; sourceTree = "<group>"; };
		2C18FCAA2251AE2A00C4A9BA /* icon_listview-selected.png */ = {isa = PBXFileReference; lastKnownFileType = image.png; path = "icon_listview-selected.png"; sourceTree = "<group>"; };
		2C1C76B4224E80560011FF04 /* MapViewController.swift */ = {isa = PBXFileReference; lastKnownFileType = sourcecode.swift; path = MapViewController.swift; sourceTree = "<group>"; };
		2C1C76B6224E8E890011FF04 /* UdacityAPI.swift */ = {isa = PBXFileReference; lastKnownFileType = sourcecode.swift; path = UdacityAPI.swift; sourceTree = "<group>"; };
		2C666FFD2245933400CE2C08 /* StudentInformation.swift */ = {isa = PBXFileReference; lastKnownFileType = sourcecode.swift; path = StudentInformation.swift; sourceTree = "<group>"; };
		2C666FFF224593F500CE2C08 /* StudentInformations.swift */ = {isa = PBXFileReference; lastKnownFileType = sourcecode.swift; path = StudentInformations.swift; sourceTree = "<group>"; };
		2CB3C9EA2256BE760089D258 /* icon_addpin@2x.png */ = {isa = PBXFileReference; lastKnownFileType = image.png; path = "icon_addpin@2x.png"; sourceTree = "<group>"; };
		2CB3C9EB2256BE770089D258 /* icon_refresh@2x.png */ = {isa = PBXFileReference; lastKnownFileType = image.png; path = "icon_refresh@2x.png"; sourceTree = "<group>"; };
		2CB3C9F02257031C0089D258 /* icon_world@2x.png */ = {isa = PBXFileReference; lastKnownFileType = image.png; path = "icon_world@2x.png"; sourceTree = "<group>"; };
		2CB3C9F2225706FC0089D258 /* AddStudentViewController.swift */ = {isa = PBXFileReference; lastKnownFileType = sourcecode.swift; path = AddStudentViewController.swift; sourceTree = "<group>"; };
		2CC13E182257EBE500FC8674 /* FindLocationViewController.swift */ = {isa = PBXFileReference; lastKnownFileType = sourcecode.swift; path = FindLocationViewController.swift; sourceTree = "<group>"; };
/* End PBXFileReference section */

/* Begin PBXFrameworksBuildPhase section */
		2C184E40223D368D00094E88 /* Frameworks */ = {
			isa = PBXFrameworksBuildPhase;
			buildActionMask = 2147483647;
			files = (
			);
			runOnlyForDeploymentPostprocessing = 0;
		};
		2C184E54223D369000094E88 /* Frameworks */ = {
			isa = PBXFrameworksBuildPhase;
			buildActionMask = 2147483647;
			files = (
			);
			runOnlyForDeploymentPostprocessing = 0;
		};
		2C184E5F223D369000094E88 /* Frameworks */ = {
			isa = PBXFrameworksBuildPhase;
			buildActionMask = 2147483647;
			files = (
			);
			runOnlyForDeploymentPostprocessing = 0;
		};
/* End PBXFrameworksBuildPhase section */

/* Begin PBXGroup section */
		2C184E3A223D368D00094E88 = {
			isa = PBXGroup;
			children = (
				2C184E45223D368D00094E88 /* onTheMap */,
				2C184E5A223D369000094E88 /* onTheMapTests */,
				2C184E65223D369000094E88 /* onTheMapUITests */,
				2C184E44223D368D00094E88 /* Products */,
			);
			sourceTree = "<group>";
		};
		2C184E44223D368D00094E88 /* Products */ = {
			isa = PBXGroup;
			children = (
				2C184E43223D368D00094E88 /* onTheMap.app */,
				2C184E57223D369000094E88 /* onTheMapTests.xctest */,
				2C184E62223D369000094E88 /* onTheMapUITests.xctest */,
			);
			name = Products;
			sourceTree = "<group>";
		};
		2C184E45223D368D00094E88 /* onTheMap */ = {
			isa = PBXGroup;
			children = (
				2CC13E1A22587CA900FC8674 /* assets */,
				2CC13E1D22587D4C00FC8674 /* Controllers */,
				2CC13E1B22587CEB00FC8674 /* Model */,
				2C184E4A223D368D00094E88 /* Main.storyboard */,
				2C184E4D223D369000094E88 /* Assets.xcassets */,
				2C184E4F223D369000094E88 /* LaunchScreen.storyboard */,
				2C184E52223D369000094E88 /* Info.plist */,
			);
			path = onTheMap;
			sourceTree = "<group>";
		};
		2C184E5A223D369000094E88 /* onTheMapTests */ = {
			isa = PBXGroup;
			children = (
				2C184E5B223D369000094E88 /* onTheMapTests.swift */,
				2C184E5D223D369000094E88 /* Info.plist */,
			);
			path = onTheMapTests;
			sourceTree = "<group>";
		};
		2C184E65223D369000094E88 /* onTheMapUITests */ = {
			isa = PBXGroup;
			children = (
				2C184E66223D369000094E88 /* onTheMapUITests.swift */,
				2C184E68223D369000094E88 /* Info.plist */,
			);
			path = onTheMapUITests;
			sourceTree = "<group>";
		};
		2CC13E1A22587CA900FC8674 /* assets */ = {
			isa = PBXGroup;
			children = (
				2C18FCAA2251AE2A00C4A9BA /* icon_listview-selected.png */,
				2C18FCA82251AE2A00C4A9BA /* icon_mapview-selected.png */,
				2C18FCA92251AE2A00C4A9BA /* icon_pin@3x.png */,
				2CB3C9F02257031C0089D258 /* icon_world@2x.png */,
				2CB3C9EA2256BE760089D258 /* icon_addpin@2x.png */,
				2CB3C9EB2256BE770089D258 /* icon_refresh@2x.png */,
				2C184E76223D3ABA00094E88 /* logo-u@3x.png */,
			);
			path = assets;
			sourceTree = "<group>";
		};
		2CC13E1B22587CEB00FC8674 /* Model */ = {
			isa = PBXGroup;
			children = (
				2CC13E1C22587CF700FC8674 /* Client */,
				2C666FFD2245933400CE2C08 /* StudentInformation.swift */,
				2C666FFF224593F500CE2C08 /* StudentInformations.swift */,
				2C18FC9E2251A3D500C4A9BA /* TableViewCell.swift */,
			);
			path = Model;
			sourceTree = "<group>";
		};
		2CC13E1C22587CF700FC8674 /* Client */ = {
			isa = PBXGroup;
			children = (
				2C1C76B6224E8E890011FF04 /* UdacityAPI.swift */,
			);
			path = Client;
			sourceTree = "<group>";
		};
		2CC13E1D22587D4C00FC8674 /* Controllers */ = {
			isa = PBXGroup;
			children = (
				2C184E48223D368D00094E88 /* ViewController.swift */,
				2CC13E182257EBE500FC8674 /* FindLocationViewController.swift */,
				2CB3C9F2225706FC0089D258 /* AddStudentViewController.swift */,
				2C18FCA02251A7E700C4A9BA /* StudentTableViewController.swift */,
				2C1C76B4224E80560011FF04 /* MapViewController.swift */,
				2C184E46223D368D00094E88 /* AppDelegate.swift */,
			);
			path = Controllers;
			sourceTree = "<group>";
		};
/* End PBXGroup section */

/* Begin PBXNativeTarget section */
		2C184E42223D368D00094E88 /* onTheMap */ = {
			isa = PBXNativeTarget;
			buildConfigurationList = 2C184E6B223D369000094E88 /* Build configuration list for PBXNativeTarget "onTheMap" */;
			buildPhases = (
				2C184E3F223D368D00094E88 /* Sources */,
				2C184E40223D368D00094E88 /* Frameworks */,
				2C184E41223D368D00094E88 /* Resources */,
			);
			buildRules = (
			);
			dependencies = (
			);
			name = onTheMap;
			productName = onTheMap;
			productReference = 2C184E43223D368D00094E88 /* onTheMap.app */;
			productType = "com.apple.product-type.application";
		};
		2C184E56223D369000094E88 /* onTheMapTests */ = {
			isa = PBXNativeTarget;
			buildConfigurationList = 2C184E6E223D369000094E88 /* Build configuration list for PBXNativeTarget "onTheMapTests" */;
			buildPhases = (
				2C184E53223D369000094E88 /* Sources */,
				2C184E54223D369000094E88 /* Frameworks */,
				2C184E55223D369000094E88 /* Resources */,
			);
			buildRules = (
			);
			dependencies = (
				2C184E59223D369000094E88 /* PBXTargetDependency */,
			);
			name = onTheMapTests;
			productName = onTheMapTests;
			productReference = 2C184E57223D369000094E88 /* onTheMapTests.xctest */;
			productType = "com.apple.product-type.bundle.unit-test";
		};
		2C184E61223D369000094E88 /* onTheMapUITests */ = {
			isa = PBXNativeTarget;
			buildConfigurationList = 2C184E71223D369000094E88 /* Build configuration list for PBXNativeTarget "onTheMapUITests" */;
			buildPhases = (
				2C184E5E223D369000094E88 /* Sources */,
				2C184E5F223D369000094E88 /* Frameworks */,
				2C184E60223D369000094E88 /* Resources */,
			);
			buildRules = (
			);
			dependencies = (
				2C184E64223D369000094E88 /* PBXTargetDependency */,
			);
			name = onTheMapUITests;
			productName = onTheMapUITests;
			productReference = 2C184E62223D369000094E88 /* onTheMapUITests.xctest */;
			productType = "com.apple.product-type.bundle.ui-testing";
		};
/* End PBXNativeTarget section */

/* Begin PBXProject section */
		2C184E3B223D368D00094E88 /* Project object */ = {
			isa = PBXProject;
			attributes = {
				LastSwiftUpdateCheck = 1010;
				LastUpgradeCheck = 1010;
				ORGANIZATIONNAME = "Mohamad Basuony";
				TargetAttributes = {
					2C184E42223D368D00094E88 = {
						CreatedOnToolsVersion = 10.1;
					};
					2C184E56223D369000094E88 = {
						CreatedOnToolsVersion = 10.1;
						TestTargetID = 2C184E42223D368D00094E88;
					};
					2C184E61223D369000094E88 = {
						CreatedOnToolsVersion = 10.1;
						TestTargetID = 2C184E42223D368D00094E88;
					};
				};
			};
			buildConfigurationList = 2C184E3E223D368D00094E88 /* Build configuration list for PBXProject "onTheMap" */;
			compatibilityVersion = "Xcode 9.3";
			developmentRegion = en;
			hasScannedForEncodings = 0;
			knownRegions = (
				en,
				Base,
			);
			mainGroup = 2C184E3A223D368D00094E88;
			productRefGroup = 2C184E44223D368D00094E88 /* Products */;
			projectDirPath = "";
			projectRoot = "";
			targets = (
				2C184E42223D368D00094E88 /* onTheMap */,
				2C184E56223D369000094E88 /* onTheMapTests */,
				2C184E61223D369000094E88 /* onTheMapUITests */,
			);
		};
/* End PBXProject section */

/* Begin PBXResourcesBuildPhase section */
		2C184E41223D368D00094E88 /* Resources */ = {
			isa = PBXResourcesBuildPhase;
			buildActionMask = 2147483647;
			files = (
				2C184E51223D369000094E88 /* LaunchScreen.storyboard in Resources */,
				2C184E4E223D369000094E88 /* Assets.xcassets in Resources */,
				2C18FCAB2251AE2A00C4A9BA /* icon_mapview-selected.png in Resources */,
				2CB3C9ED2256BE770089D258 /* icon_refresh@2x.png in Resources */,
				2CB3C9F12257031C0089D258 /* icon_world@2x.png in Resources */,
				2C184E77223D3ABA00094E88 /* logo-u@3x.png in Resources */,
				2C18FCAC2251AE2A00C4A9BA /* icon_pin@3x.png in Resources */,
				2C184E4C223D368D00094E88 /* Main.storyboard in Resources */,
				2C18FCAD2251AE2A00C4A9BA /* icon_listview-selected.png in Resources */,
				2CB3C9EC2256BE770089D258 /* icon_addpin@2x.png in Resources */,
			);
			runOnlyForDeploymentPostprocessing = 0;
		};
		2C184E55223D369000094E88 /* Resources */ = {
			isa = PBXResourcesBuildPhase;
			buildActionMask = 2147483647;
			files = (
			);
			runOnlyForDeploymentPostprocessing = 0;
		};
		2C184E60223D369000094E88 /* Resources */ = {
			isa = PBXResourcesBuildPhase;
			buildActionMask = 2147483647;
			files = (
			);
			runOnlyForDeploymentPostprocessing = 0;
		};
/* End PBXResourcesBuildPhase section */

/* Begin PBXSourcesBuildPhase section */
		2C184E3F223D368D00094E88 /* Sources */ = {
			isa = PBXSourcesBuildPhase;
			buildActionMask = 2147483647;
			files = (
				2C184E49223D368D00094E88 /* ViewController.swift in Sources */,
				2C18FC9F2251A3D500C4A9BA /* TableViewCell.swift in Sources */,
				2C1C76B5224E80560011FF04 /* MapViewController.swift in Sources */,
				2C1C76B7224E8E890011FF04 /* UdacityAPI.swift in Sources */,
				2C667000224593F500CE2C08 /* StudentInformations.swift in Sources */,
				2CB3C9F3225706FC0089D258 /* AddStudentViewController.swift in Sources */,
				2C666FFE2245933400CE2C08 /* StudentInformation.swift in Sources */,
				2C184E47223D368D00094E88 /* AppDelegate.swift in Sources */,
				2CC13E192257EBE500FC8674 /* FindLocationViewController.swift in Sources */,
				2C18FCA12251A7E700C4A9BA /* StudentTableViewController.swift in Sources */,
			);
			runOnlyForDeploymentPostprocessing = 0;
		};
		2C184E53223D369000094E88 /* Sources */ = {
			isa = PBXSourcesBuildPhase;
			buildActionMask = 2147483647;
			files = (
				2C184E5C223D369000094E88 /* onTheMapTests.swift in Sources */,
			);
			runOnlyForDeploymentPostprocessing = 0;
		};
		2C184E5E223D369000094E88 /* Sources */ = {
			isa = PBXSourcesBuildPhase;
			buildActionMask = 2147483647;
			files = (
				2C184E67223D369000094E88 /* onTheMapUITests.swift in Sources */,
			);
			runOnlyForDeploymentPostprocessing = 0;
		};
/* End PBXSourcesBuildPhase section */

/* Begin PBXTargetDependency section */
		2C184E59223D369000094E88 /* PBXTargetDependency */ = {
			isa = PBXTargetDependency;
			target = 2C184E42223D368D00094E88 /* onTheMap */;
			targetProxy = 2C184E58223D369000094E88 /* PBXContainerItemProxy */;
		};
		2C184E64223D369000094E88 /* PBXTargetDependency */ = {
			isa = PBXTargetDependency;
			target = 2C184E42223D368D00094E88 /* onTheMap */;
			targetProxy = 2C184E63223D369000094E88 /* PBXContainerItemProxy */;
		};
/* End PBXTargetDependency section */

/* Begin PBXVariantGroup section */
		2C184E4A223D368D00094E88 /* Main.storyboard */ = {
			isa = PBXVariantGroup;
			children = (
				2C184E4B223D368D00094E88 /* Base */,
			);
			name = Main.storyboard;
			sourceTree = "<group>";
		};
		2C184E4F223D369000094E88 /* LaunchScreen.storyboard */ = {
			isa = PBXVariantGroup;
			children = (
				2C184E50223D369000094E88 /* Base */,
			);
			name = LaunchScreen.storyboard;
			sourceTree = "<group>";
		};
/* End PBXVariantGroup section */

/* Begin XCBuildConfiguration section */
		2C184E69223D369000094E88 /* Debug */ = {
			isa = XCBuildConfiguration;
			buildSettings = {
				ALWAYS_SEARCH_USER_PATHS = NO;
				CLANG_ANALYZER_NONNULL = YES;
				CLANG_ANALYZER_NUMBER_OBJECT_CONVERSION = YES_AGGRESSIVE;
				CLANG_CXX_LANGUAGE_STANDARD = "gnu++14";
				CLANG_CXX_LIBRARY = "libc++";
				CLANG_ENABLE_MODULES = YES;
				CLANG_ENABLE_OBJC_ARC = YES;
				CLANG_ENABLE_OBJC_WEAK = YES;
				CLANG_WARN_BLOCK_CAPTURE_AUTORELEASING = YES;
				CLANG_WARN_BOOL_CONVERSION = YES;
				CLANG_WARN_COMMA = YES;
				CLANG_WARN_CONSTANT_CONVERSION = YES;
				CLANG_WARN_DEPRECATED_OBJC_IMPLEMENTATIONS = YES;
				CLANG_WARN_DIRECT_OBJC_ISA_USAGE = YES_ERROR;
				CLANG_WARN_DOCUMENTATION_COMMENTS = YES;
				CLANG_WARN_EMPTY_BODY = YES;
				CLANG_WARN_ENUM_CONVERSION = YES;
				CLANG_WARN_INFINITE_RECURSION = YES;
				CLANG_WARN_INT_CONVERSION = YES;
				CLANG_WARN_NON_LITERAL_NULL_CONVERSION = YES;
				CLANG_WARN_OBJC_IMPLICIT_RETAIN_SELF = YES;
				CLANG_WARN_OBJC_LITERAL_CONVERSION = YES;
				CLANG_WARN_OBJC_ROOT_CLASS = YES_ERROR;
				CLANG_WARN_RANGE_LOOP_ANALYSIS = YES;
				CLANG_WARN_STRICT_PROTOTYPES = YES;
				CLANG_WARN_SUSPICIOUS_MOVE = YES;
				CLANG_WARN_UNGUARDED_AVAILABILITY = YES_AGGRESSIVE;
				CLANG_WARN_UNREACHABLE_CODE = YES;
				CLANG_WARN__DUPLICATE_METHOD_MATCH = YES;
				CODE_SIGN_IDENTITY = "iPhone Developer";
				COPY_PHASE_STRIP = NO;
				DEBUG_INFORMATION_FORMAT = dwarf;
				ENABLE_STRICT_OBJC_MSGSEND = YES;
				ENABLE_TESTABILITY = YES;
				GCC_C_LANGUAGE_STANDARD = gnu11;
				GCC_DYNAMIC_NO_PIC = NO;
				GCC_NO_COMMON_BLOCKS = YES;
				GCC_OPTIMIZATION_LEVEL = 0;
				GCC_PREPROCESSOR_DEFINITIONS = (
					"DEBUG=1",
					"$(inherited)",
				);
				GCC_WARN_64_TO_32_BIT_CONVERSION = YES;
				GCC_WARN_ABOUT_RETURN_TYPE = YES_ERROR;
				GCC_WARN_UNDECLARED_SELECTOR = YES;
				GCC_WARN_UNINITIALIZED_AUTOS = YES_AGGRESSIVE;
				GCC_WARN_UNUSED_FUNCTION = YES;
				GCC_WARN_UNUSED_VARIABLE = YES;
				IPHONEOS_DEPLOYMENT_TARGET = 12.1;
				MTL_ENABLE_DEBUG_INFO = INCLUDE_SOURCE;
				MTL_FAST_MATH = YES;
				ONLY_ACTIVE_ARCH = YES;
				SDKROOT = iphoneos;
				SWIFT_ACTIVE_COMPILATION_CONDITIONS = DEBUG;
				SWIFT_OPTIMIZATION_LEVEL = "-Onone";
			};
			name = Debug;
		};
		2C184E6A223D369000094E88 /* Release */ = {
			isa = XCBuildConfiguration;
			buildSettings = {
				ALWAYS_SEARCH_USER_PATHS = NO;
				CLANG_ANALYZER_NONNULL = YES;
				CLANG_ANALYZER_NUMBER_OBJECT_CONVERSION = YES_AGGRESSIVE;
				CLANG_CXX_LANGUAGE_STANDARD = "gnu++14";
				CLANG_CXX_LIBRARY = "libc++";
				CLANG_ENABLE_MODULES = YES;
				CLANG_ENABLE_OBJC_ARC = YES;
				CLANG_ENABLE_OBJC_WEAK = YES;
				CLANG_WARN_BLOCK_CAPTURE_AUTORELEASING = YES;
				CLANG_WARN_BOOL_CONVERSION = YES;
				CLANG_WARN_COMMA = YES;
				CLANG_WARN_CONSTANT_CONVERSION = YES;
				CLANG_WARN_DEPRECATED_OBJC_IMPLEMENTATIONS = YES;
				CLANG_WARN_DIRECT_OBJC_ISA_USAGE = YES_ERROR;
				CLANG_WARN_DOCUMENTATION_COMMENTS = YES;
				CLANG_WARN_EMPTY_BODY = YES;
				CLANG_WARN_ENUM_CONVERSION = YES;
				CLANG_WARN_INFINITE_RECURSION = YES;
				CLANG_WARN_INT_CONVERSION = YES;
				CLANG_WARN_NON_LITERAL_NULL_CONVERSION = YES;
				CLANG_WARN_OBJC_IMPLICIT_RETAIN_SELF = YES;
				CLANG_WARN_OBJC_LITERAL_CONVERSION = YES;
				CLANG_WARN_OBJC_ROOT_CLASS = YES_ERROR;
				CLANG_WARN_RANGE_LOOP_ANALYSIS = YES;
				CLANG_WARN_STRICT_PROTOTYPES = YES;
				CLANG_WARN_SUSPICIOUS_MOVE = YES;
				CLANG_WARN_UNGUARDED_AVAILABILITY = YES_AGGRESSIVE;
				CLANG_WARN_UNREACHABLE_CODE = YES;
				CLANG_WARN__DUPLICATE_METHOD_MATCH = YES;
				CODE_SIGN_IDENTITY = "iPhone Developer";
				COPY_PHASE_STRIP = NO;
				DEBUG_INFORMATION_FORMAT = "dwarf-with-dsym";
				ENABLE_NS_ASSERTIONS = NO;
				ENABLE_STRICT_OBJC_MSGSEND = YES;
				GCC_C_LANGUAGE_STANDARD = gnu11;
				GCC_NO_COMMON_BLOCKS = YES;
				GCC_WARN_64_TO_32_BIT_CONVERSION = YES;
				GCC_WARN_ABOUT_RETURN_TYPE = YES_ERROR;
				GCC_WARN_UNDECLARED_SELECTOR = YES;
				GCC_WARN_UNINITIALIZED_AUTOS = YES_AGGRESSIVE;
				GCC_WARN_UNUSED_FUNCTION = YES;
				GCC_WARN_UNUSED_VARIABLE = YES;
				IPHONEOS_DEPLOYMENT_TARGET = 12.1;
				MTL_ENABLE_DEBUG_INFO = NO;
				MTL_FAST_MATH = YES;
				SDKROOT = iphoneos;
				SWIFT_COMPILATION_MODE = wholemodule;
				SWIFT_OPTIMIZATION_LEVEL = "-O";
				VALIDATE_PRODUCT = YES;
			};
			name = Release;
		};
		2C184E6C223D369000094E88 /* Debug */ = {
			isa = XCBuildConfiguration;
			buildSettings = {
				ASSETCATALOG_COMPILER_APPICON_NAME = AppIcon;
				CODE_SIGN_STYLE = Automatic;
				INFOPLIST_FILE = onTheMap/Info.plist;
				LD_RUNPATH_SEARCH_PATHS = (
					"$(inherited)",
					"@executable_path/Frameworks",
				);
				PRODUCT_BUNDLE_IDENTIFIER = com.MohamadElaraby.onTheMap;
				PRODUCT_NAME = "$(TARGET_NAME)";
				SWIFT_VERSION = 4.2;
				TARGETED_DEVICE_FAMILY = "1,2";
			};
			name = Debug;
		};
		2C184E6D223D369000094E88 /* Release */ = {
			isa = XCBuildConfiguration;
			buildSettings = {
				ASSETCATALOG_COMPILER_APPICON_NAME = AppIcon;
				CODE_SIGN_STYLE = Automatic;
				INFOPLIST_FILE = onTheMap/Info.plist;
				LD_RUNPATH_SEARCH_PATHS = (
					"$(inherited)",
					"@executable_path/Frameworks",
				);
				PRODUCT_BUNDLE_IDENTIFIER = com.MohamadElaraby.onTheMap;
				PRODUCT_NAME = "$(TARGET_NAME)";
				SWIFT_VERSION = 4.2;
				TARGETED_DEVICE_FAMILY = "1,2";
			};
			name = Release;
		};
		2C184E6F223D369000094E88 /* Debug */ = {
			isa = XCBuildConfiguration;
			buildSettings = {
				ALWAYS_EMBED_SWIFT_STANDARD_LIBRARIES = YES;
				BUNDLE_LOADER = "$(TEST_HOST)";
				CODE_SIGN_STYLE = Automatic;
				INFOPLIST_FILE = onTheMapTests/Info.plist;
				LD_RUNPATH_SEARCH_PATHS = (
					"$(inherited)",
					"@executable_path/Frameworks",
					"@loader_path/Frameworks",
				);
				PRODUCT_BUNDLE_IDENTIFIER = com.MohamadBasuony.onTheMapTests;
				PRODUCT_NAME = "$(TARGET_NAME)";
				SWIFT_VERSION = 4.2;
				TARGETED_DEVICE_FAMILY = "1,2";
				TEST_HOST = "$(BUILT_PRODUCTS_DIR)/onTheMap.app/onTheMap";
			};
			name = Debug;
		};
		2C184E70223D369000094E88 /* Release */ = {
			isa = XCBuildConfiguration;
			buildSettings = {
				ALWAYS_EMBED_SWIFT_STANDARD_LIBRARIES = YES;
				BUNDLE_LOADER = "$(TEST_HOST)";
				CODE_SIGN_STYLE = Automatic;
				INFOPLIST_FILE = onTheMapTests/Info.plist;
				LD_RUNPATH_SEARCH_PATHS = (
					"$(inherited)",
					"@executable_path/Frameworks",
					"@loader_path/Frameworks",
				);
				PRODUCT_BUNDLE_IDENTIFIER = com.MohamadBasuony.onTheMapTests;
				PRODUCT_NAME = "$(TARGET_NAME)";
				SWIFT_VERSION = 4.2;
				TARGETED_DEVICE_FAMILY = "1,2";
				TEST_HOST = "$(BUILT_PRODUCTS_DIR)/onTheMap.app/onTheMap";
			};
			name = Release;
		};
		2C184E72223D369000094E88 /* Debug */ = {
			isa = XCBuildConfiguration;
			buildSettings = {
				ALWAYS_EMBED_SWIFT_STANDARD_LIBRARIES = YES;
				CODE_SIGN_STYLE = Automatic;
				INFOPLIST_FILE = onTheMapUITests/Info.plist;
				LD_RUNPATH_SEARCH_PATHS = (
					"$(inherited)",
					"@executable_path/Frameworks",
					"@loader_path/Frameworks",
				);
				PRODUCT_BUNDLE_IDENTIFIER = com.MohamadBasuony.onTheMapUITests;
				PRODUCT_NAME = "$(TARGET_NAME)";
				SWIFT_VERSION = 4.2;
				TARGETED_DEVICE_FAMILY = "1,2";
				TEST_TARGET_NAME = onTheMap;
			};
			name = Debug;
		};
		2C184E73223D369000094E88 /* Release */ = {
			isa = XCBuildConfiguration;
			buildSettings = {
				ALWAYS_EMBED_SWIFT_STANDARD_LIBRARIES = YES;
				CODE_SIGN_STYLE = Automatic;
				INFOPLIST_FILE = onTheMapUITests/Info.plist;
				LD_RUNPATH_SEARCH_PATHS = (
					"$(inherited)",
					"@executable_path/Frameworks",
					"@loader_path/Frameworks",
				);
				PRODUCT_BUNDLE_IDENTIFIER = com.MohamadBasuony.onTheMapUITests;
				PRODUCT_NAME = "$(TARGET_NAME)";
				SWIFT_VERSION = 4.2;
				TARGETED_DEVICE_FAMILY = "1,2";
				TEST_TARGET_NAME = onTheMap;
			};
			name = Release;
		};
/* End XCBuildConfiguration section */

/* Begin XCConfigurationList section */
		2C184E3E223D368D00094E88 /* Build configuration list for PBXProject "onTheMap" */ = {
			isa = XCConfigurationList;
			buildConfigurations = (
				2C184E69223D369000094E88 /* Debug */,
				2C184E6A223D369000094E88 /* Release */,
			);
			defaultConfigurationIsVisible = 0;
			defaultConfigurationName = Release;
		};
		2C184E6B223D369000094E88 /* Build configuration list for PBXNativeTarget "onTheMap" */ = {
			isa = XCConfigurationList;
			buildConfigurations = (
				2C184E6C223D369000094E88 /* Debug */,
				2C184E6D223D369000094E88 /* Release */,
			);
			defaultConfigurationIsVisible = 0;
			defaultConfigurationName = Release;
		};
		2C184E6E223D369000094E88 /* Build configuration list for PBXNativeTarget "onTheMapTests" */ = {
			isa = XCConfigurationList;
			buildConfigurations = (
				2C184E6F223D369000094E88 /* Debug */,
				2C184E70223D369000094E88 /* Release */,
			);
			defaultConfigurationIsVisible = 0;
			defaultConfigurationName = Release;
		};
		2C184E71223D369000094E88 /* Build configuration list for PBXNativeTarget "onTheMapUITests" */ = {
			isa = XCConfigurationList;
			buildConfigurations = (
				2C184E72223D369000094E88 /* Debug */,
				2C184E73223D369000094E88 /* Release */,
			);
			defaultConfigurationIsVisible = 0;
			defaultConfigurationName = Release;
		};
/* End XCConfigurationList section */
	};
	rootObject = 2C184E3B223D368D00094E88 /* Project object */;
}
